// !$*UTF8*$!
{
	archiveVersion = 1;
	classes = {
	};
	objectVersion = 46;
	objects = {

/* Begin PBXBuildFile section */
		284A7A441A316042001A7E4A /* VerificationViewController.m in Sources */ = {isa = PBXBuildFile; fileRef = 284A7A431A316042001A7E4A /* VerificationViewController.m */; };
		284A7A491A322B6E001A7E4A /* PasswordResetUsernameViewModel.m in Sources */ = {isa = PBXBuildFile; fileRef = 284A7A481A322B6E001A7E4A /* PasswordResetUsernameViewModel.m */; };
		284A7A4C1A322C6A001A7E4A /* NSString+EmailAdditions.m in Sources */ = {isa = PBXBuildFile; fileRef = 284A7A4B1A322C6A001A7E4A /* NSString+EmailAdditions.m */; };
		284ACDE81A37F6650004FA50 /* ActivationViewModel.m in Sources */ = {isa = PBXBuildFile; fileRef = 284ACDE71A37F6650004FA50 /* ActivationViewModel.m */; };
		2851EAFE1A373EA00046856B /* PasswordResetViewModel.m in Sources */ = {isa = PBXBuildFile; fileRef = 2851EAFD1A373EA00046856B /* PasswordResetViewModel.m */; };
		2851EB011A376F320046856B /* RegistrationViewModel.m in Sources */ = {isa = PBXBuildFile; fileRef = 2851EB001A376F320046856B /* RegistrationViewModel.m */; };
		2851EB051A377A390046856B /* RegistrationUserInfoViewModel.m in Sources */ = {isa = PBXBuildFile; fileRef = 2851EB041A377A390046856B /* RegistrationUserInfoViewModel.m */; };
		2851EB081A377A580046856B /* RegistrationNewAndConfirmedViewModel.m in Sources */ = {isa = PBXBuildFile; fileRef = 2851EB071A377A580046856B /* RegistrationNewAndConfirmedViewModel.m */; };
		2851EB0B1A377A710046856B /* RegistrationSecurityQuestionsViewModel.m in Sources */ = {isa = PBXBuildFile; fileRef = 2851EB0A1A377A710046856B /* RegistrationSecurityQuestionsViewModel.m */; };
		2851EB121A37C3750046856B /* ActivationViewController.m in Sources */ = {isa = PBXBuildFile; fileRef = 2851EB111A37C3750046856B /* ActivationViewController.m */; };
		2851EB151A37EB1D0046856B /* LoginViewModel.m in Sources */ = {isa = PBXBuildFile; fileRef = 2851EB141A37EB1D0046856B /* LoginViewModel.m */; };
		2876A5081A23AE5B00147038 /* main.m in Sources */ = {isa = PBXBuildFile; fileRef = 2876A5071A23AE5B00147038 /* main.m */; };
		2876A50B1A23AE5B00147038 /* AppDelegate.m in Sources */ = {isa = PBXBuildFile; fileRef = 2876A50A1A23AE5B00147038 /* AppDelegate.m */; };
		2876A5141A23AE5B00147038 /* Main.storyboard in Resources */ = {isa = PBXBuildFile; fileRef = 2876A5121A23AE5B00147038 /* Main.storyboard */; };
		2876A5161A23AE5B00147038 /* Images.xcassets in Resources */ = {isa = PBXBuildFile; fileRef = 2876A5151A23AE5B00147038 /* Images.xcassets */; };
		2876A5191A23AE5B00147038 /* LaunchScreen.xib in Resources */ = {isa = PBXBuildFile; fileRef = 2876A5171A23AE5B00147038 /* LaunchScreen.xib */; };
		2876A5251A23AE5B00147038 /* MDRegistrationObjCTests.m in Sources */ = {isa = PBXBuildFile; fileRef = 2876A5241A23AE5B00147038 /* MDRegistrationObjCTests.m */; };
		2876A5361A23B0F700147038 /* LoginViewController.m in Sources */ = {isa = PBXBuildFile; fileRef = 2876A5351A23B0F700147038 /* LoginViewController.m */; };
		2876A5381A23B1B300147038 /* Login.storyboard in Resources */ = {isa = PBXBuildFile; fileRef = 2876A5371A23B1B300147038 /* Login.storyboard */; };
		2876A53D1A23B40500147038 /* MDRegistrationAPIClient.m in Sources */ = {isa = PBXBuildFile; fileRef = 2876A53C1A23B40500147038 /* MDRegistrationAPIClient.m */; };
		28DF4A081A3B8E7100E43725 /* VerificationViewModel.m in Sources */ = {isa = PBXBuildFile; fileRef = 28DF4A071A3B8E7100E43725 /* VerificationViewModel.m */; };
		28DF4A0D1A3DEB3800E43725 /* CommonDateUtils.m in Sources */ = {isa = PBXBuildFile; fileRef = 28DF4A0C1A3DEB3800E43725 /* CommonDateUtils.m */; };
		28DF4A101A3DF39700E43725 /* StoryboardUtils.m in Sources */ = {isa = PBXBuildFile; fileRef = 28DF4A0F1A3DF39700E43725 /* StoryboardUtils.m */; };
		28F786781A2E34EE00284FBA /* MainViewController.m in Sources */ = {isa = PBXBuildFile; fileRef = 28F786771A2E34EE00284FBA /* MainViewController.m */; };
		28F7867C1A2E3CB600284FBA /* RegistrationPageViewController.m in Sources */ = {isa = PBXBuildFile; fileRef = 28F7867B1A2E3CB600284FBA /* RegistrationPageViewController.m */; };
		28F786841A2E3EE600284FBA /* page1.png in Resources */ = {isa = PBXBuildFile; fileRef = 28F7867E1A2E3EE600284FBA /* page1.png */; };
		28F786851A2E3EE600284FBA /* page2.png in Resources */ = {isa = PBXBuildFile; fileRef = 28F7867F1A2E3EE600284FBA /* page2.png */; };
		28F786861A2E3EE600284FBA /* page3.png in Resources */ = {isa = PBXBuildFile; fileRef = 28F786801A2E3EE600284FBA /* page3.png */; };
		28F786871A2E3EE600284FBA /* page4.png in Resources */ = {isa = PBXBuildFile; fileRef = 28F786811A2E3EE600284FBA /* page4.png */; };
		28F786881A2E3EE600284FBA /* RegistrationViewController.m in Sources */ = {isa = PBXBuildFile; fileRef = 28F786831A2E3EE600284FBA /* RegistrationViewController.m */; };
		28F7868B1A2E3F2E00284FBA /* RegistrationPageContentViewController.m in Sources */ = {isa = PBXBuildFile; fileRef = 28F7868A1A2E3F2E00284FBA /* RegistrationPageContentViewController.m */; };
		28F7868E1A2EA08100284FBA /* RegistrationPageContentTableViewController.m in Sources */ = {isa = PBXBuildFile; fileRef = 28F7868D1A2EA08100284FBA /* RegistrationPageContentTableViewController.m */; };
		28F786911A2F47A000284FBA /* PrivacyPolicyViewController.m in Sources */ = {isa = PBXBuildFile; fileRef = 28F786901A2F47A000284FBA /* PrivacyPolicyViewController.m */; };
		28F786991A2F52C800284FBA /* PasswordResetViewController.m in Sources */ = {isa = PBXBuildFile; fileRef = 28F786981A2F52C800284FBA /* PasswordResetViewController.m */; };
		28F7869C1A2F54D600284FBA /* PasswordResetPageContentViewController.m in Sources */ = {isa = PBXBuildFile; fileRef = 28F7869B1A2F54D600284FBA /* PasswordResetPageContentViewController.m */; };
		28F7869F1A2F54F700284FBA /* PasswordResetPageViewController.m in Sources */ = {isa = PBXBuildFile; fileRef = 28F7869E1A2F54F700284FBA /* PasswordResetPageViewController.m */; };
		28FA56401A36195500BA95D1 /* PasswordResetSecurityQuestionsViewModel.m in Sources */ = {isa = PBXBuildFile; fileRef = 28FA563F1A36195500BA95D1 /* PasswordResetSecurityQuestionsViewModel.m */; };
		28FA56431A36406900BA95D1 /* PasswordResetPageContentTableViewController.m in Sources */ = {isa = PBXBuildFile; fileRef = 28FA56421A36406900BA95D1 /* PasswordResetPageContentTableViewController.m */; };
		28FA56481A36478A00BA95D1 /* MDRegistrationAPIImpl.m in Sources */ = {isa = PBXBuildFile; fileRef = 28FA56471A36478A00BA95D1 /* MDRegistrationAPIImpl.m */; };
		28FA564C1A364EF200BA95D1 /* MDViewModelServicesImpl.m in Sources */ = {isa = PBXBuildFile; fileRef = 28FA564B1A364EF200BA95D1 /* MDViewModelServicesImpl.m */; };
		28FA564F1A36AA2700BA95D1 /* PasswordResetNewAndConfirmedViewModel.m in Sources */ = {isa = PBXBuildFile; fileRef = 28FA564E1A36AA2700BA95D1 /* PasswordResetNewAndConfirmedViewModel.m */; };
		E7291E04DFD910A448F7CED5 /* libPods.a in Frameworks */ = {isa = PBXBuildFile; fileRef = 713B7EAA2D91D2EB136D2F27 /* libPods.a */; };
/* End PBXBuildFile section */

/* Begin PBXContainerItemProxy section */
		2876A51F1A23AE5B00147038 /* PBXContainerItemProxy */ = {
			isa = PBXContainerItemProxy;
			containerPortal = 2876A4FA1A23AE5B00147038 /* Project object */;
			proxyType = 1;
			remoteGlobalIDString = 2876A5011A23AE5B00147038;
			remoteInfo = MDRegistrationObjC;
		};
/* End PBXContainerItemProxy section */

/* Begin PBXFileReference section */
		27BC9A0D49051BC71638D33B /* Pods.release.xcconfig */ = {isa = PBXFileReference; includeInIndex = 1; lastKnownFileType = text.xcconfig; name = Pods.release.xcconfig; path = "Pods/Target Support Files/Pods/Pods.release.xcconfig"; sourceTree = "<group>"; };
		284A7A401A315AC5001A7E4A /* LoginViewControllerDelegate.h */ = {isa = PBXFileReference; fileEncoding = 4; lastKnownFileType = sourcecode.c.h; name = LoginViewControllerDelegate.h; path = Delegates/LoginViewControllerDelegate.h; sourceTree = "<group>"; };
		284A7A421A316042001A7E4A /* VerificationViewController.h */ = {isa = PBXFileReference; fileEncoding = 4; lastKnownFileType = sourcecode.c.h; name = VerificationViewController.h; path = Controllers/Verification/VerificationViewController.h; sourceTree = "<group>"; };
		284A7A431A316042001A7E4A /* VerificationViewController.m */ = {isa = PBXFileReference; fileEncoding = 4; lastKnownFileType = sourcecode.c.objc; name = VerificationViewController.m; path = Controllers/Verification/VerificationViewController.m; sourceTree = "<group>"; };
		284A7A471A322B6E001A7E4A /* PasswordResetUsernameViewModel.h */ = {isa = PBXFileReference; fileEncoding = 4; lastKnownFileType = sourcecode.c.h; path = PasswordResetUsernameViewModel.h; sourceTree = "<group>"; };
		284A7A481A322B6E001A7E4A /* PasswordResetUsernameViewModel.m */ = {isa = PBXFileReference; fileEncoding = 4; lastKnownFileType = sourcecode.c.objc; path = PasswordResetUsernameViewModel.m; sourceTree = "<group>"; };
		284A7A4A1A322C6A001A7E4A /* NSString+EmailAdditions.h */ = {isa = PBXFileReference; fileEncoding = 4; lastKnownFileType = sourcecode.c.h; path = "NSString+EmailAdditions.h"; sourceTree = "<group>"; };
		284A7A4B1A322C6A001A7E4A /* NSString+EmailAdditions.m */ = {isa = PBXFileReference; fileEncoding = 4; lastKnownFileType = sourcecode.c.objc; path = "NSString+EmailAdditions.m"; sourceTree = "<group>"; };
		284A7A4D1A3231FF001A7E4A /* PasswordResetViewControllerDelegate.h */ = {isa = PBXFileReference; fileEncoding = 4; lastKnownFileType = sourcecode.c.h; name = PasswordResetViewControllerDelegate.h; path = Delegates/PasswordResetViewControllerDelegate.h; sourceTree = "<group>"; };
		284ACDE61A37F6650004FA50 /* ActivationViewModel.h */ = {isa = PBXFileReference; fileEncoding = 4; lastKnownFileType = sourcecode.c.h; name = ActivationViewModel.h; path = ViewModel/ActivationViewModel.h; sourceTree = "<group>"; };
		284ACDE71A37F6650004FA50 /* ActivationViewModel.m */ = {isa = PBXFileReference; fileEncoding = 4; lastKnownFileType = sourcecode.c.objc; name = ActivationViewModel.m; path = ViewModel/ActivationViewModel.m; sourceTree = "<group>"; };
		284ACDE91A37FAB50004FA50 /* ActivationViewControllerDelegate.h */ = {isa = PBXFileReference; fileEncoding = 4; lastKnownFileType = sourcecode.c.h; name = ActivationViewControllerDelegate.h; path = Delegates/ActivationViewControllerDelegate.h; sourceTree = "<group>"; };
		2851EAFC1A373EA00046856B /* PasswordResetViewModel.h */ = {isa = PBXFileReference; fileEncoding = 4; lastKnownFileType = sourcecode.c.h; name = PasswordResetViewModel.h; path = ViewModel/PasswordResetViewModel.h; sourceTree = "<group>"; };
		2851EAFD1A373EA00046856B /* PasswordResetViewModel.m */ = {isa = PBXFileReference; fileEncoding = 4; lastKnownFileType = sourcecode.c.objc; name = PasswordResetViewModel.m; path = ViewModel/PasswordResetViewModel.m; sourceTree = "<group>"; };
		2851EAFF1A376F320046856B /* RegistrationViewModel.h */ = {isa = PBXFileReference; fileEncoding = 4; lastKnownFileType = sourcecode.c.h; name = RegistrationViewModel.h; path = ViewModel/RegistrationViewModel.h; sourceTree = "<group>"; };
		2851EB001A376F320046856B /* RegistrationViewModel.m */ = {isa = PBXFileReference; fileEncoding = 4; lastKnownFileType = sourcecode.c.objc; name = RegistrationViewModel.m; path = ViewModel/RegistrationViewModel.m; sourceTree = "<group>"; };
		2851EB021A376F6E0046856B /* RegistrationViewControllerDelegate.h */ = {isa = PBXFileReference; fileEncoding = 4; lastKnownFileType = sourcecode.c.h; name = RegistrationViewControllerDelegate.h; path = Delegates/RegistrationViewControllerDelegate.h; sourceTree = "<group>"; };
		2851EB031A377A390046856B /* RegistrationUserInfoViewModel.h */ = {isa = PBXFileReference; fileEncoding = 4; lastKnownFileType = sourcecode.c.h; name = RegistrationUserInfoViewModel.h; path = ViewModel/RegistrationUserInfoViewModel.h; sourceTree = "<group>"; };
		2851EB041A377A390046856B /* RegistrationUserInfoViewModel.m */ = {isa = PBXFileReference; fileEncoding = 4; lastKnownFileType = sourcecode.c.objc; name = RegistrationUserInfoViewModel.m; path = ViewModel/RegistrationUserInfoViewModel.m; sourceTree = "<group>"; };
		2851EB061A377A580046856B /* RegistrationNewAndConfirmedViewModel.h */ = {isa = PBXFileReference; fileEncoding = 4; lastKnownFileType = sourcecode.c.h; name = RegistrationNewAndConfirmedViewModel.h; path = ViewModel/RegistrationNewAndConfirmedViewModel.h; sourceTree = "<group>"; };
		2851EB071A377A580046856B /* RegistrationNewAndConfirmedViewModel.m */ = {isa = PBXFileReference; fileEncoding = 4; lastKnownFileType = sourcecode.c.objc; name = RegistrationNewAndConfirmedViewModel.m; path = ViewModel/RegistrationNewAndConfirmedViewModel.m; sourceTree = "<group>"; };
		2851EB091A377A710046856B /* RegistrationSecurityQuestionsViewModel.h */ = {isa = PBXFileReference; fileEncoding = 4; lastKnownFileType = sourcecode.c.h; name = RegistrationSecurityQuestionsViewModel.h; path = ViewModel/RegistrationSecurityQuestionsViewModel.h; sourceTree = "<group>"; };
		2851EB0A1A377A710046856B /* RegistrationSecurityQuestionsViewModel.m */ = {isa = PBXFileReference; fileEncoding = 4; lastKnownFileType = sourcecode.c.objc; name = RegistrationSecurityQuestionsViewModel.m; path = ViewModel/RegistrationSecurityQuestionsViewModel.m; sourceTree = "<group>"; };
		2851EB101A37C3750046856B /* ActivationViewController.h */ = {isa = PBXFileReference; fileEncoding = 4; lastKnownFileType = sourcecode.c.h; name = ActivationViewController.h; path = Controllers/Activation/ActivationViewController.h; sourceTree = "<group>"; };
		2851EB111A37C3750046856B /* ActivationViewController.m */ = {isa = PBXFileReference; fileEncoding = 4; lastKnownFileType = sourcecode.c.objc; name = ActivationViewController.m; path = Controllers/Activation/ActivationViewController.m; sourceTree = "<group>"; };
		2851EB131A37EB1D0046856B /* LoginViewModel.h */ = {isa = PBXFileReference; fileEncoding = 4; lastKnownFileType = sourcecode.c.h; name = LoginViewModel.h; path = ViewModel/LoginViewModel.h; sourceTree = "<group>"; };
		2851EB141A37EB1D0046856B /* LoginViewModel.m */ = {isa = PBXFileReference; fileEncoding = 4; lastKnownFileType = sourcecode.c.objc; name = LoginViewModel.m; path = ViewModel/LoginViewModel.m; sourceTree = "<group>"; };
		2876A5021A23AE5B00147038 /* MDRegistrationObjC.app */ = {isa = PBXFileReference; explicitFileType = wrapper.application; includeInIndex = 0; path = MDRegistrationObjC.app; sourceTree = BUILT_PRODUCTS_DIR; };
		2876A5061A23AE5B00147038 /* Info.plist */ = {isa = PBXFileReference; lastKnownFileType = text.plist.xml; path = Info.plist; sourceTree = "<group>"; };
		2876A5071A23AE5B00147038 /* main.m */ = {isa = PBXFileReference; lastKnownFileType = sourcecode.c.objc; path = main.m; sourceTree = "<group>"; };
		2876A5091A23AE5B00147038 /* AppDelegate.h */ = {isa = PBXFileReference; lastKnownFileType = sourcecode.c.h; path = AppDelegate.h; sourceTree = "<group>"; };
		2876A50A1A23AE5B00147038 /* AppDelegate.m */ = {isa = PBXFileReference; lastKnownFileType = sourcecode.c.objc; path = AppDelegate.m; sourceTree = "<group>"; };
		2876A5131A23AE5B00147038 /* Base */ = {isa = PBXFileReference; lastKnownFileType = file.storyboard; name = Base; path = Base.lproj/Main.storyboard; sourceTree = "<group>"; };
		2876A5151A23AE5B00147038 /* Images.xcassets */ = {isa = PBXFileReference; lastKnownFileType = folder.assetcatalog; path = Images.xcassets; sourceTree = "<group>"; };
		2876A5181A23AE5B00147038 /* Base */ = {isa = PBXFileReference; lastKnownFileType = file.xib; name = Base; path = Base.lproj/LaunchScreen.xib; sourceTree = "<group>"; };
		2876A51E1A23AE5B00147038 /* MDRegistrationObjCTests.xctest */ = {isa = PBXFileReference; explicitFileType = wrapper.cfbundle; includeInIndex = 0; path = MDRegistrationObjCTests.xctest; sourceTree = BUILT_PRODUCTS_DIR; };
		2876A5231A23AE5B00147038 /* Info.plist */ = {isa = PBXFileReference; lastKnownFileType = text.plist.xml; path = Info.plist; sourceTree = "<group>"; };
		2876A5241A23AE5B00147038 /* MDRegistrationObjCTests.m */ = {isa = PBXFileReference; lastKnownFileType = sourcecode.c.objc; path = MDRegistrationObjCTests.m; sourceTree = "<group>"; };
		2876A5341A23B0F700147038 /* LoginViewController.h */ = {isa = PBXFileReference; fileEncoding = 4; lastKnownFileType = sourcecode.c.h; path = LoginViewController.h; sourceTree = "<group>"; };
		2876A5351A23B0F700147038 /* LoginViewController.m */ = {isa = PBXFileReference; fileEncoding = 4; lastKnownFileType = sourcecode.c.objc; path = LoginViewController.m; sourceTree = "<group>"; };
		2876A5371A23B1B300147038 /* Login.storyboard */ = {isa = PBXFileReference; fileEncoding = 4; lastKnownFileType = file.storyboard; path = Login.storyboard; sourceTree = "<group>"; };
		2876A53B1A23B40500147038 /* MDRegistrationAPIClient.h */ = {isa = PBXFileReference; fileEncoding = 4; lastKnownFileType = sourcecode.c.h; path = MDRegistrationAPIClient.h; sourceTree = "<group>"; };
		2876A53C1A23B40500147038 /* MDRegistrationAPIClient.m */ = {isa = PBXFileReference; fileEncoding = 4; lastKnownFileType = sourcecode.c.objc; path = MDRegistrationAPIClient.m; sourceTree = "<group>"; };
		28DF4A061A3B8E7100E43725 /* VerificationViewModel.h */ = {isa = PBXFileReference; fileEncoding = 4; lastKnownFileType = sourcecode.c.h; name = VerificationViewModel.h; path = ViewModel/VerificationViewModel.h; sourceTree = "<group>"; };
		28DF4A071A3B8E7100E43725 /* VerificationViewModel.m */ = {isa = PBXFileReference; fileEncoding = 4; lastKnownFileType = sourcecode.c.objc; name = VerificationViewModel.m; path = ViewModel/VerificationViewModel.m; sourceTree = "<group>"; };
		28DF4A091A3B8ECC00E43725 /* VerificationViewControllerDelegate.h */ = {isa = PBXFileReference; fileEncoding = 4; lastKnownFileType = sourcecode.c.h; name = VerificationViewControllerDelegate.h; path = Delegates/VerificationViewControllerDelegate.h; sourceTree = "<group>"; };
		28DF4A0B1A3DEB3800E43725 /* CommonDateUtils.h */ = {isa = PBXFileReference; fileEncoding = 4; lastKnownFileType = sourcecode.c.h; name = CommonDateUtils.h; path = Util/CommonDateUtils.h; sourceTree = "<group>"; };
		28DF4A0C1A3DEB3800E43725 /* CommonDateUtils.m */ = {isa = PBXFileReference; fileEncoding = 4; lastKnownFileType = sourcecode.c.objc; name = CommonDateUtils.m; path = Util/CommonDateUtils.m; sourceTree = "<group>"; };
		28DF4A0E1A3DF39700E43725 /* StoryboardUtils.h */ = {isa = PBXFileReference; fileEncoding = 4; lastKnownFileType = sourcecode.c.h; name = StoryboardUtils.h; path = Util/StoryboardUtils.h; sourceTree = "<group>"; };
		28DF4A0F1A3DF39700E43725 /* StoryboardUtils.m */ = {isa = PBXFileReference; fileEncoding = 4; lastKnownFileType = sourcecode.c.objc; name = StoryboardUtils.m; path = Util/StoryboardUtils.m; sourceTree = "<group>"; };
		28F786761A2E34EE00284FBA /* MainViewController.h */ = {isa = PBXFileReference; fileEncoding = 4; lastKnownFileType = sourcecode.c.h; name = MainViewController.h; path = Controllers/MainViewController.h; sourceTree = "<group>"; };
		28F786771A2E34EE00284FBA /* MainViewController.m */ = {isa = PBXFileReference; fileEncoding = 4; lastKnownFileType = sourcecode.c.objc; name = MainViewController.m; path = Controllers/MainViewController.m; sourceTree = "<group>"; };
		28F7867A1A2E3CB600284FBA /* RegistrationPageViewController.h */ = {isa = PBXFileReference; fileEncoding = 4; lastKnownFileType = sourcecode.c.h; name = RegistrationPageViewController.h; path = Controllers/RegistrationPageViewController.h; sourceTree = "<group>"; };
		28F7867B1A2E3CB600284FBA /* RegistrationPageViewController.m */ = {isa = PBXFileReference; fileEncoding = 4; lastKnownFileType = sourcecode.c.objc; name = RegistrationPageViewController.m; path = Controllers/RegistrationPageViewController.m; sourceTree = "<group>"; };
		28F7867E1A2E3EE600284FBA /* page1.png */ = {isa = PBXFileReference; lastKnownFileType = image.png; path = page1.png; sourceTree = "<group>"; };
		28F7867F1A2E3EE600284FBA /* page2.png */ = {isa = PBXFileReference; lastKnownFileType = image.png; path = page2.png; sourceTree = "<group>"; };
		28F786801A2E3EE600284FBA /* page3.png */ = {isa = PBXFileReference; lastKnownFileType = image.png; path = page3.png; sourceTree = "<group>"; };
		28F786811A2E3EE600284FBA /* page4.png */ = {isa = PBXFileReference; lastKnownFileType = image.png; path = page4.png; sourceTree = "<group>"; };
		28F786821A2E3EE600284FBA /* RegistrationViewController.h */ = {isa = PBXFileReference; fileEncoding = 4; lastKnownFileType = sourcecode.c.h; path = RegistrationViewController.h; sourceTree = "<group>"; };
		28F786831A2E3EE600284FBA /* RegistrationViewController.m */ = {isa = PBXFileReference; fileEncoding = 4; lastKnownFileType = sourcecode.c.objc; path = RegistrationViewController.m; sourceTree = "<group>"; };
		28F786891A2E3F2E00284FBA /* RegistrationPageContentViewController.h */ = {isa = PBXFileReference; fileEncoding = 4; lastKnownFileType = sourcecode.c.h; path = RegistrationPageContentViewController.h; sourceTree = "<group>"; };
		28F7868A1A2E3F2E00284FBA /* RegistrationPageContentViewController.m */ = {isa = PBXFileReference; fileEncoding = 4; lastKnownFileType = sourcecode.c.objc; path = RegistrationPageContentViewController.m; sourceTree = "<group>"; };
		28F7868C1A2EA08100284FBA /* RegistrationPageContentTableViewController.h */ = {isa = PBXFileReference; fileEncoding = 4; lastKnownFileType = sourcecode.c.h; name = RegistrationPageContentTableViewController.h; path = Controllers/RegistrationPageContentTableViewController.h; sourceTree = "<group>"; };
		28F7868D1A2EA08100284FBA /* RegistrationPageContentTableViewController.m */ = {isa = PBXFileReference; fileEncoding = 4; lastKnownFileType = sourcecode.c.objc; name = RegistrationPageContentTableViewController.m; path = Controllers/RegistrationPageContentTableViewController.m; sourceTree = "<group>"; };
		28F7868F1A2F47A000284FBA /* PrivacyPolicyViewController.h */ = {isa = PBXFileReference; fileEncoding = 4; lastKnownFileType = sourcecode.c.h; name = PrivacyPolicyViewController.h; path = Controllers/PrivacyPolicyViewController.h; sourceTree = "<group>"; };
		28F786901A2F47A000284FBA /* PrivacyPolicyViewController.m */ = {isa = PBXFileReference; fileEncoding = 4; lastKnownFileType = sourcecode.c.objc; name = PrivacyPolicyViewController.m; path = Controllers/PrivacyPolicyViewController.m; sourceTree = "<group>"; };
		28F786971A2F52C800284FBA /* PasswordResetViewController.h */ = {isa = PBXFileReference; fileEncoding = 4; lastKnownFileType = sourcecode.c.h; name = PasswordResetViewController.h; path = Controllers/PasswordReset/PasswordResetViewController.h; sourceTree = "<group>"; };
		28F786981A2F52C800284FBA /* PasswordResetViewController.m */ = {isa = PBXFileReference; fileEncoding = 4; lastKnownFileType = sourcecode.c.objc; name = PasswordResetViewController.m; path = Controllers/PasswordReset/PasswordResetViewController.m; sourceTree = "<group>"; };
		28F7869A1A2F54D600284FBA /* PasswordResetPageContentViewController.h */ = {isa = PBXFileReference; fileEncoding = 4; lastKnownFileType = sourcecode.c.h; name = PasswordResetPageContentViewController.h; path = Controllers/PasswordReset/PasswordResetPageContentViewController.h; sourceTree = "<group>"; };
		28F7869B1A2F54D600284FBA /* PasswordResetPageContentViewController.m */ = {isa = PBXFileReference; fileEncoding = 4; lastKnownFileType = sourcecode.c.objc; name = PasswordResetPageContentViewController.m; path = Controllers/PasswordReset/PasswordResetPageContentViewController.m; sourceTree = "<group>"; };
		28F7869D1A2F54F700284FBA /* PasswordResetPageViewController.h */ = {isa = PBXFileReference; fileEncoding = 4; lastKnownFileType = sourcecode.c.h; name = PasswordResetPageViewController.h; path = Controllers/PasswordReset/PasswordResetPageViewController.h; sourceTree = "<group>"; };
		28F7869E1A2F54F700284FBA /* PasswordResetPageViewController.m */ = {isa = PBXFileReference; fileEncoding = 4; lastKnownFileType = sourcecode.c.objc; name = PasswordResetPageViewController.m; path = Controllers/PasswordReset/PasswordResetPageViewController.m; sourceTree = "<group>"; };
		28FA563D1A3611E500BA95D1 /* MDReactiveView.h */ = {isa = PBXFileReference; fileEncoding = 4; lastKnownFileType = sourcecode.c.h; name = MDReactiveView.h; path = Util/MDReactiveView.h; sourceTree = "<group>"; };
		28FA563E1A36195500BA95D1 /* PasswordResetSecurityQuestionsViewModel.h */ = {isa = PBXFileReference; fileEncoding = 4; lastKnownFileType = sourcecode.c.h; name = PasswordResetSecurityQuestionsViewModel.h; path = ViewModel/PasswordResetSecurityQuestionsViewModel.h; sourceTree = "<group>"; };
		28FA563F1A36195500BA95D1 /* PasswordResetSecurityQuestionsViewModel.m */ = {isa = PBXFileReference; fileEncoding = 4; lastKnownFileType = sourcecode.c.objc; name = PasswordResetSecurityQuestionsViewModel.m; path = ViewModel/PasswordResetSecurityQuestionsViewModel.m; sourceTree = "<group>"; };
		28FA56411A36406900BA95D1 /* PasswordResetPageContentTableViewController.h */ = {isa = PBXFileReference; fileEncoding = 4; lastKnownFileType = sourcecode.c.h; name = PasswordResetPageContentTableViewController.h; path = Controllers/PasswordReset/PasswordResetPageContentTableViewController.h; sourceTree = "<group>"; };
		28FA56421A36406900BA95D1 /* PasswordResetPageContentTableViewController.m */ = {isa = PBXFileReference; fileEncoding = 4; lastKnownFileType = sourcecode.c.objc; name = PasswordResetPageContentTableViewController.m; path = Controllers/PasswordReset/PasswordResetPageContentTableViewController.m; sourceTree = "<group>"; };
		28FA56451A36473000BA95D1 /* MDRegistrationAPI.h */ = {isa = PBXFileReference; fileEncoding = 4; lastKnownFileType = sourcecode.c.h; name = MDRegistrationAPI.h; path = Model/MDRegistrationAPI.h; sourceTree = "<group>"; };
		28FA56461A36478A00BA95D1 /* MDRegistrationAPIImpl.h */ = {isa = PBXFileReference; fileEncoding = 4; lastKnownFileType = sourcecode.c.h; name = MDRegistrationAPIImpl.h; path = Model/MDRegistrationAPIImpl.h; sourceTree = "<group>"; };
		28FA56471A36478A00BA95D1 /* MDRegistrationAPIImpl.m */ = {isa = PBXFileReference; fileEncoding = 4; lastKnownFileType = sourcecode.c.objc; name = MDRegistrationAPIImpl.m; path = Model/MDRegistrationAPIImpl.m; sourceTree = "<group>"; };
		28FA56491A364AE400BA95D1 /* MDViewModelServices.h */ = {isa = PBXFileReference; fileEncoding = 4; lastKnownFileType = sourcecode.c.h; name = MDViewModelServices.h; path = ViewModel/MDViewModelServices.h; sourceTree = "<group>"; };
		28FA564A1A364EF200BA95D1 /* MDViewModelServicesImpl.h */ = {isa = PBXFileReference; fileEncoding = 4; lastKnownFileType = sourcecode.c.h; name = MDViewModelServicesImpl.h; path = ViewModel/MDViewModelServicesImpl.h; sourceTree = "<group>"; };
		28FA564B1A364EF200BA95D1 /* MDViewModelServicesImpl.m */ = {isa = PBXFileReference; fileEncoding = 4; lastKnownFileType = sourcecode.c.objc; name = MDViewModelServicesImpl.m; path = ViewModel/MDViewModelServicesImpl.m; sourceTree = "<group>"; };
		28FA564D1A36AA2700BA95D1 /* PasswordResetNewAndConfirmedViewModel.h */ = {isa = PBXFileReference; fileEncoding = 4; lastKnownFileType = sourcecode.c.h; name = PasswordResetNewAndConfirmedViewModel.h; path = ViewModel/PasswordResetNewAndConfirmedViewModel.h; sourceTree = "<group>"; };
		28FA564E1A36AA2700BA95D1 /* PasswordResetNewAndConfirmedViewModel.m */ = {isa = PBXFileReference; fileEncoding = 4; lastKnownFileType = sourcecode.c.objc; name = PasswordResetNewAndConfirmedViewModel.m; path = ViewModel/PasswordResetNewAndConfirmedViewModel.m; sourceTree = "<group>"; };
		6A03B01AB6ACA6564C05C9A3 /* Pods.debug.xcconfig */ = {isa = PBXFileReference; includeInIndex = 1; lastKnownFileType = text.xcconfig; name = Pods.debug.xcconfig; path = "Pods/Target Support Files/Pods/Pods.debug.xcconfig"; sourceTree = "<group>"; };
		713B7EAA2D91D2EB136D2F27 /* libPods.a */ = {isa = PBXFileReference; explicitFileType = archive.ar; includeInIndex = 0; path = libPods.a; sourceTree = BUILT_PRODUCTS_DIR; };
/* End PBXFileReference section */

/* Begin PBXFrameworksBuildPhase section */
		2876A4FF1A23AE5B00147038 /* Frameworks */ = {
			isa = PBXFrameworksBuildPhase;
			buildActionMask = 2147483647;
			files = (
				E7291E04DFD910A448F7CED5 /* libPods.a in Frameworks */,
			);
			runOnlyForDeploymentPostprocessing = 0;
		};
		2876A51B1A23AE5B00147038 /* Frameworks */ = {
			isa = PBXFrameworksBuildPhase;
			buildActionMask = 2147483647;
			files = (
			);
			runOnlyForDeploymentPostprocessing = 0;
		};
/* End PBXFrameworksBuildPhase section */

/* Begin PBXGroup section */
		0860524C711B84FBC58AD365 /* Pods */ = {
			isa = PBXGroup;
			children = (
				6A03B01AB6ACA6564C05C9A3 /* Pods.debug.xcconfig */,
				27BC9A0D49051BC71638D33B /* Pods.release.xcconfig */,
			);
			name = Pods;
			sourceTree = "<group>";
		};
		284A7A3F1A315A6A001A7E4A /* Delegates */ = {
			isa = PBXGroup;
			children = (
				284A7A401A315AC5001A7E4A /* LoginViewControllerDelegate.h */,
				284A7A4D1A3231FF001A7E4A /* PasswordResetViewControllerDelegate.h */,
				2851EB021A376F6E0046856B /* RegistrationViewControllerDelegate.h */,
				284ACDE91A37FAB50004FA50 /* ActivationViewControllerDelegate.h */,
				28DF4A091A3B8ECC00E43725 /* VerificationViewControllerDelegate.h */,
			);
			name = Delegates;
			sourceTree = "<group>";
		};
		284A7A411A315F91001A7E4A /* Verification */ = {
			isa = PBXGroup;
			children = (
				284A7A421A316042001A7E4A /* VerificationViewController.h */,
				284A7A431A316042001A7E4A /* VerificationViewController.m */,
			);
			name = Verification;
			sourceTree = "<group>";
		};
		284A7A461A322B60001A7E4A /* ViewModel */ = {
			isa = PBXGroup;
			children = (
				284A7A471A322B6E001A7E4A /* PasswordResetUsernameViewModel.h */,
				284A7A481A322B6E001A7E4A /* PasswordResetUsernameViewModel.m */,
				28FA563E1A36195500BA95D1 /* PasswordResetSecurityQuestionsViewModel.h */,
				28FA563F1A36195500BA95D1 /* PasswordResetSecurityQuestionsViewModel.m */,
				28FA564D1A36AA2700BA95D1 /* PasswordResetNewAndConfirmedViewModel.h */,
				28FA564E1A36AA2700BA95D1 /* PasswordResetNewAndConfirmedViewModel.m */,
				28FA56491A364AE400BA95D1 /* MDViewModelServices.h */,
				28FA564A1A364EF200BA95D1 /* MDViewModelServicesImpl.h */,
				28FA564B1A364EF200BA95D1 /* MDViewModelServicesImpl.m */,
				2851EAFC1A373EA00046856B /* PasswordResetViewModel.h */,
				2851EAFD1A373EA00046856B /* PasswordResetViewModel.m */,
				2851EAFF1A376F320046856B /* RegistrationViewModel.h */,
				2851EB001A376F320046856B /* RegistrationViewModel.m */,
				2851EB031A377A390046856B /* RegistrationUserInfoViewModel.h */,
				2851EB041A377A390046856B /* RegistrationUserInfoViewModel.m */,
				2851EB061A377A580046856B /* RegistrationNewAndConfirmedViewModel.h */,
				2851EB071A377A580046856B /* RegistrationNewAndConfirmedViewModel.m */,
				2851EB091A377A710046856B /* RegistrationSecurityQuestionsViewModel.h */,
				2851EB0A1A377A710046856B /* RegistrationSecurityQuestionsViewModel.m */,
				2851EB131A37EB1D0046856B /* LoginViewModel.h */,
				2851EB141A37EB1D0046856B /* LoginViewModel.m */,
				284ACDE61A37F6650004FA50 /* ActivationViewModel.h */,
				284ACDE71A37F6650004FA50 /* ActivationViewModel.m */,
				28DF4A061A3B8E7100E43725 /* VerificationViewModel.h */,
				28DF4A071A3B8E7100E43725 /* VerificationViewModel.m */,
			);
			name = ViewModel;
			sourceTree = "<group>";
		};
		2851EB0C1A37C2F20046856B /* Activation */ = {
			isa = PBXGroup;
			children = (
				2851EB101A37C3750046856B /* ActivationViewController.h */,
				2851EB111A37C3750046856B /* ActivationViewController.m */,
			);
			name = Activation;
			sourceTree = "<group>";
		};
		2876A4F91A23AE5B00147038 = {
			isa = PBXGroup;
			children = (
				2876A5041A23AE5B00147038 /* MDRegistrationObjC */,
				2876A5211A23AE5B00147038 /* MDRegistrationObjCTests */,
				2876A5031A23AE5B00147038 /* Products */,
				0860524C711B84FBC58AD365 /* Pods */,
				296EAB38414C9ECAD5C05177 /* Frameworks */,
			);
			sourceTree = "<group>";
		};
		2876A5031A23AE5B00147038 /* Products */ = {
			isa = PBXGroup;
			children = (
				2876A5021A23AE5B00147038 /* MDRegistrationObjC.app */,
				2876A51E1A23AE5B00147038 /* MDRegistrationObjCTests.xctest */,
			);
			name = Products;
			sourceTree = "<group>";
		};
		2876A5041A23AE5B00147038 /* MDRegistrationObjC */ = {
			isa = PBXGroup;
			children = (
				28FA56441A3646F600BA95D1 /* Model */,
				28FA563C1A3611B000BA95D1 /* Util */,
				284A7A4A1A322C6A001A7E4A /* NSString+EmailAdditions.h */,
				284A7A4B1A322C6A001A7E4A /* NSString+EmailAdditions.m */,
				284A7A461A322B60001A7E4A /* ViewModel */,
				284A7A3F1A315A6A001A7E4A /* Delegates */,
				28F7867D1A2E3EE600284FBA /* images */,
				28F786791A2E34F400284FBA /* Controllers */,
				2876A5391A23B40500147038 /* Communicators */,
				2876A5091A23AE5B00147038 /* AppDelegate.h */,
				2876A50A1A23AE5B00147038 /* AppDelegate.m */,
				2876A5121A23AE5B00147038 /* Main.storyboard */,
				2876A5151A23AE5B00147038 /* Images.xcassets */,
				2876A5171A23AE5B00147038 /* LaunchScreen.xib */,
				2876A5051A23AE5B00147038 /* Supporting Files */,
				2876A5341A23B0F700147038 /* LoginViewController.h */,
				2876A5351A23B0F700147038 /* LoginViewController.m */,
				2876A5371A23B1B300147038 /* Login.storyboard */,
			);
			path = MDRegistrationObjC;
			sourceTree = "<group>";
		};
		2876A5051A23AE5B00147038 /* Supporting Files */ = {
			isa = PBXGroup;
			children = (
				2876A5061A23AE5B00147038 /* Info.plist */,
				2876A5071A23AE5B00147038 /* main.m */,
			);
			name = "Supporting Files";
			sourceTree = "<group>";
		};
		2876A5211A23AE5B00147038 /* MDRegistrationObjCTests */ = {
			isa = PBXGroup;
			children = (
				2876A5241A23AE5B00147038 /* MDRegistrationObjCTests.m */,
				2876A5221A23AE5B00147038 /* Supporting Files */,
			);
			path = MDRegistrationObjCTests;
			sourceTree = "<group>";
		};
		2876A5221A23AE5B00147038 /* Supporting Files */ = {
			isa = PBXGroup;
			children = (
				2876A5231A23AE5B00147038 /* Info.plist */,
			);
			name = "Supporting Files";
			sourceTree = "<group>";
		};
		2876A5391A23B40500147038 /* Communicators */ = {
			isa = PBXGroup;
			children = (
				2876A53A1A23B40500147038 /* Client */,
			);
			path = Communicators;
			sourceTree = "<group>";
		};
		2876A53A1A23B40500147038 /* Client */ = {
			isa = PBXGroup;
			children = (
				2876A53B1A23B40500147038 /* MDRegistrationAPIClient.h */,
				2876A53C1A23B40500147038 /* MDRegistrationAPIClient.m */,
			);
			path = Client;
			sourceTree = "<group>";
		};
		28F786791A2E34F400284FBA /* Controllers */ = {
			isa = PBXGroup;
			children = (
				2851EB0C1A37C2F20046856B /* Activation */,
				284A7A411A315F91001A7E4A /* Verification */,
				28F786961A2F528E00284FBA /* Password Reset */,
				28F786951A2F524D00284FBA /* Registration */,
				28F786761A2E34EE00284FBA /* MainViewController.h */,
				28F786771A2E34EE00284FBA /* MainViewController.m */,
				28F7868F1A2F47A000284FBA /* PrivacyPolicyViewController.h */,
				28F786901A2F47A000284FBA /* PrivacyPolicyViewController.m */,
			);
			name = Controllers;
			sourceTree = "<group>";
		};
		28F7867D1A2E3EE600284FBA /* images */ = {
			isa = PBXGroup;
			children = (
				28F7867E1A2E3EE600284FBA /* page1.png */,
				28F7867F1A2E3EE600284FBA /* page2.png */,
				28F786801A2E3EE600284FBA /* page3.png */,
				28F786811A2E3EE600284FBA /* page4.png */,
			);
			path = images;
			sourceTree = "<group>";
		};
		28F786951A2F524D00284FBA /* Registration */ = {
			isa = PBXGroup;
			children = (
				28F786821A2E3EE600284FBA /* RegistrationViewController.h */,
				28F786831A2E3EE600284FBA /* RegistrationViewController.m */,
				28F7867A1A2E3CB600284FBA /* RegistrationPageViewController.h */,
				28F7867B1A2E3CB600284FBA /* RegistrationPageViewController.m */,
				28F786891A2E3F2E00284FBA /* RegistrationPageContentViewController.h */,
				28F7868A1A2E3F2E00284FBA /* RegistrationPageContentViewController.m */,
				28F7868C1A2EA08100284FBA /* RegistrationPageContentTableViewController.h */,
				28F7868D1A2EA08100284FBA /* RegistrationPageContentTableViewController.m */,
			);
			name = Registration;
			sourceTree = "<group>";
		};
		28F786961A2F528E00284FBA /* Password Reset */ = {
			isa = PBXGroup;
			children = (
				28F786971A2F52C800284FBA /* PasswordResetViewController.h */,
				28F786981A2F52C800284FBA /* PasswordResetViewController.m */,
				28F7869D1A2F54F700284FBA /* PasswordResetPageViewController.h */,
				28F7869E1A2F54F700284FBA /* PasswordResetPageViewController.m */,
				28F7869A1A2F54D600284FBA /* PasswordResetPageContentViewController.h */,
				28F7869B1A2F54D600284FBA /* PasswordResetPageContentViewController.m */,
				28FA56411A36406900BA95D1 /* PasswordResetPageContentTableViewController.h */,
				28FA56421A36406900BA95D1 /* PasswordResetPageContentTableViewController.m */,
			);
			name = "Password Reset";
			sourceTree = "<group>";
		};
		28FA563C1A3611B000BA95D1 /* Util */ = {
			isa = PBXGroup;
			children = (
				28DF4A0B1A3DEB3800E43725 /* CommonDateUtils.h */,
				28DF4A0C1A3DEB3800E43725 /* CommonDateUtils.m */,
				28DF4A0E1A3DF39700E43725 /* StoryboardUtils.h */,
				28DF4A0F1A3DF39700E43725 /* StoryboardUtils.m */,
				28FA563D1A3611E500BA95D1 /* MDReactiveView.h */,
			);
			name = Util;
			sourceTree = "<group>";
		};
		28FA56441A3646F600BA95D1 /* Model */ = {
			isa = PBXGroup;
			children = (
				28FA56451A36473000BA95D1 /* MDRegistrationAPI.h */,
				28FA56461A36478A00BA95D1 /* MDRegistrationAPIImpl.h */,
				28FA56471A36478A00BA95D1 /* MDRegistrationAPIImpl.m */,
			);
			name = Model;
			sourceTree = "<group>";
		};
		296EAB38414C9ECAD5C05177 /* Frameworks */ = {
			isa = PBXGroup;
			children = (
				713B7EAA2D91D2EB136D2F27 /* libPods.a */,
			);
			name = Frameworks;
			sourceTree = "<group>";
		};
/* End PBXGroup section */

/* Begin PBXNativeTarget section */
		2876A5011A23AE5B00147038 /* MDRegistrationObjC */ = {
			isa = PBXNativeTarget;
			buildConfigurationList = 2876A5281A23AE5B00147038 /* Build configuration list for PBXNativeTarget "MDRegistrationObjC" */;
			buildPhases = (
				E20C4414CEFC701DECDC958C /* Check Pods Manifest.lock */,
				2876A4FE1A23AE5B00147038 /* Sources */,
				2876A4FF1A23AE5B00147038 /* Frameworks */,
				2876A5001A23AE5B00147038 /* Resources */,
				EA3685052475061A97D9E602 /* Copy Pods Resources */,
			);
			buildRules = (
			);
			dependencies = (
			);
			name = MDRegistrationObjC;
			productName = MDRegistrationObjC;
			productReference = 2876A5021A23AE5B00147038 /* MDRegistrationObjC.app */;
			productType = "com.apple.product-type.application";
		};
		2876A51D1A23AE5B00147038 /* MDRegistrationObjCTests */ = {
			isa = PBXNativeTarget;
			buildConfigurationList = 2876A52B1A23AE5B00147038 /* Build configuration list for PBXNativeTarget "MDRegistrationObjCTests" */;
			buildPhases = (
				2876A51A1A23AE5B00147038 /* Sources */,
				2876A51B1A23AE5B00147038 /* Frameworks */,
				2876A51C1A23AE5B00147038 /* Resources */,
			);
			buildRules = (
			);
			dependencies = (
				2876A5201A23AE5B00147038 /* PBXTargetDependency */,
			);
			name = MDRegistrationObjCTests;
			productName = MDRegistrationObjCTests;
			productReference = 2876A51E1A23AE5B00147038 /* MDRegistrationObjCTests.xctest */;
			productType = "com.apple.product-type.bundle.unit-test";
		};
/* End PBXNativeTarget section */

/* Begin PBXProject section */
		2876A4FA1A23AE5B00147038 /* Project object */ = {
			isa = PBXProject;
			attributes = {
				LastUpgradeCheck = 0610;
				ORGANIZATIONNAME = brilliantage;
				TargetAttributes = {
					2876A5011A23AE5B00147038 = {
						CreatedOnToolsVersion = 6.1;
						DevelopmentTeam = 62UV28KBXG;
					};
					2876A51D1A23AE5B00147038 = {
						CreatedOnToolsVersion = 6.1;
						TestTargetID = 2876A5011A23AE5B00147038;
					};
				};
			};
			buildConfigurationList = 2876A4FD1A23AE5B00147038 /* Build configuration list for PBXProject "MDRegistrationObjC" */;
			compatibilityVersion = "Xcode 3.2";
			developmentRegion = English;
			hasScannedForEncodings = 0;
			knownRegions = (
				en,
				Base,
			);
			mainGroup = 2876A4F91A23AE5B00147038;
			productRefGroup = 2876A5031A23AE5B00147038 /* Products */;
			projectDirPath = "";
			projectRoot = "";
			targets = (
				2876A5011A23AE5B00147038 /* MDRegistrationObjC */,
				2876A51D1A23AE5B00147038 /* MDRegistrationObjCTests */,
			);
		};
/* End PBXProject section */

/* Begin PBXResourcesBuildPhase section */
		2876A5001A23AE5B00147038 /* Resources */ = {
			isa = PBXResourcesBuildPhase;
			buildActionMask = 2147483647;
			files = (
				2876A5381A23B1B300147038 /* Login.storyboard in Resources */,
				28F786841A2E3EE600284FBA /* page1.png in Resources */,
				2876A5141A23AE5B00147038 /* Main.storyboard in Resources */,
				2876A5191A23AE5B00147038 /* LaunchScreen.xib in Resources */,
				2876A5161A23AE5B00147038 /* Images.xcassets in Resources */,
				28F786871A2E3EE600284FBA /* page4.png in Resources */,
				28F786851A2E3EE600284FBA /* page2.png in Resources */,
				28F786861A2E3EE600284FBA /* page3.png in Resources */,
			);
			runOnlyForDeploymentPostprocessing = 0;
		};
		2876A51C1A23AE5B00147038 /* Resources */ = {
			isa = PBXResourcesBuildPhase;
			buildActionMask = 2147483647;
			files = (
			);
			runOnlyForDeploymentPostprocessing = 0;
		};
/* End PBXResourcesBuildPhase section */

/* Begin PBXShellScriptBuildPhase section */
		E20C4414CEFC701DECDC958C /* Check Pods Manifest.lock */ = {
			isa = PBXShellScriptBuildPhase;
			buildActionMask = 2147483647;
			files = (
			);
			inputPaths = (
			);
			name = "Check Pods Manifest.lock";
			outputPaths = (
			);
			runOnlyForDeploymentPostprocessing = 0;
			shellPath = /bin/sh;
			shellScript = "diff \"${PODS_ROOT}/../Podfile.lock\" \"${PODS_ROOT}/Manifest.lock\" > /dev/null\nif [[ $? != 0 ]] ; then\n    cat << EOM\nerror: The sandbox is not in sync with the Podfile.lock. Run 'pod install' or update your CocoaPods installation.\nEOM\n    exit 1\nfi\n";
			showEnvVarsInLog = 0;
		};
		EA3685052475061A97D9E602 /* Copy Pods Resources */ = {
			isa = PBXShellScriptBuildPhase;
			buildActionMask = 2147483647;
			files = (
			);
			inputPaths = (
			);
			name = "Copy Pods Resources";
			outputPaths = (
			);
			runOnlyForDeploymentPostprocessing = 0;
			shellPath = /bin/sh;
			shellScript = "\"${SRCROOT}/Pods/Target Support Files/Pods/Pods-resources.sh\"\n";
			showEnvVarsInLog = 0;
		};
/* End PBXShellScriptBuildPhase section */

/* Begin PBXSourcesBuildPhase section */
		2876A4FE1A23AE5B00147038 /* Sources */ = {
			isa = PBXSourcesBuildPhase;
			buildActionMask = 2147483647;
			files = (
				2851EB011A376F320046856B /* RegistrationViewModel.m in Sources */,
				2851EB0B1A377A710046856B /* RegistrationSecurityQuestionsViewModel.m in Sources */,
				28F786881A2E3EE600284FBA /* RegistrationViewController.m in Sources */,
				28DF4A081A3B8E7100E43725 /* VerificationViewModel.m in Sources */,
				2851EB081A377A580046856B /* RegistrationNewAndConfirmedViewModel.m in Sources */,
				2851EB151A37EB1D0046856B /* LoginViewModel.m in Sources */,
				28DF4A101A3DF39700E43725 /* StoryboardUtils.m in Sources */,
				28F786911A2F47A000284FBA /* PrivacyPolicyViewController.m in Sources */,
				28FA56481A36478A00BA95D1 /* MDRegistrationAPIImpl.m in Sources */,
				2876A50B1A23AE5B00147038 /* AppDelegate.m in Sources */,
				284A7A441A316042001A7E4A /* VerificationViewController.m in Sources */,
				284A7A491A322B6E001A7E4A /* PasswordResetUsernameViewModel.m in Sources */,
				28DF4A0D1A3DEB3800E43725 /* CommonDateUtils.m in Sources */,
				28F7868E1A2EA08100284FBA /* RegistrationPageContentTableViewController.m in Sources */,
				2851EAFE1A373EA00046856B /* PasswordResetViewModel.m in Sources */,
				28F7869C1A2F54D600284FBA /* PasswordResetPageContentViewController.m in Sources */,
				28FA56401A36195500BA95D1 /* PasswordResetSecurityQuestionsViewModel.m in Sources */,
				2876A5081A23AE5B00147038 /* main.m in Sources */,
				28FA56431A36406900BA95D1 /* PasswordResetPageContentTableViewController.m in Sources */,
				2876A53D1A23B40500147038 /* MDRegistrationAPIClient.m in Sources */,
				28F786991A2F52C800284FBA /* PasswordResetViewController.m in Sources */,
				28F786781A2E34EE00284FBA /* MainViewController.m in Sources */,
				28F7869F1A2F54F700284FBA /* PasswordResetPageViewController.m in Sources */,
				28FA564F1A36AA2700BA95D1 /* PasswordResetNewAndConfirmedViewModel.m in Sources */,
				28F7868B1A2E3F2E00284FBA /* RegistrationPageContentViewController.m in Sources */,
				2851EB121A37C3750046856B /* ActivationViewController.m in Sources */,
				28F7867C1A2E3CB600284FBA /* RegistrationPageViewController.m in Sources */,
				2851EB051A377A390046856B /* RegistrationUserInfoViewModel.m in Sources */,
				284A7A4C1A322C6A001A7E4A /* NSString+EmailAdditions.m in Sources */,
				284ACDE81A37F6650004FA50 /* ActivationViewModel.m in Sources */,
				2876A5361A23B0F700147038 /* LoginViewController.m in Sources */,
				28FA564C1A364EF200BA95D1 /* MDViewModelServicesImpl.m in Sources */,
			);
			runOnlyForDeploymentPostprocessing = 0;
		};
		2876A51A1A23AE5B00147038 /* Sources */ = {
			isa = PBXSourcesBuildPhase;
			buildActionMask = 2147483647;
			files = (
				2876A5251A23AE5B00147038 /* MDRegistrationObjCTests.m in Sources */,
			);
			runOnlyForDeploymentPostprocessing = 0;
		};
/* End PBXSourcesBuildPhase section */

/* Begin PBXTargetDependency section */
		2876A5201A23AE5B00147038 /* PBXTargetDependency */ = {
			isa = PBXTargetDependency;
			target = 2876A5011A23AE5B00147038 /* MDRegistrationObjC */;
			targetProxy = 2876A51F1A23AE5B00147038 /* PBXContainerItemProxy */;
		};
/* End PBXTargetDependency section */

/* Begin PBXVariantGroup section */
		2876A5121A23AE5B00147038 /* Main.storyboard */ = {
			isa = PBXVariantGroup;
			children = (
				2876A5131A23AE5B00147038 /* Base */,
			);
			name = Main.storyboard;
			sourceTree = "<group>";
		};
		2876A5171A23AE5B00147038 /* LaunchScreen.xib */ = {
			isa = PBXVariantGroup;
			children = (
				2876A5181A23AE5B00147038 /* Base */,
			);
			name = LaunchScreen.xib;
			sourceTree = "<group>";
		};
/* End PBXVariantGroup section */

/* Begin XCBuildConfiguration section */
		2876A5261A23AE5B00147038 /* Debug */ = {
			isa = XCBuildConfiguration;
			buildSettings = {
				ALWAYS_SEARCH_USER_PATHS = NO;
				CLANG_CXX_LANGUAGE_STANDARD = "gnu++0x";
				CLANG_CXX_LIBRARY = "libc++";
				CLANG_ENABLE_MODULES = YES;
				CLANG_ENABLE_OBJC_ARC = YES;
				CLANG_WARN_BOOL_CONVERSION = YES;
				CLANG_WARN_CONSTANT_CONVERSION = YES;
				CLANG_WARN_DIRECT_OBJC_ISA_USAGE = YES_ERROR;
				CLANG_WARN_EMPTY_BODY = YES;
				CLANG_WARN_ENUM_CONVERSION = YES;
				CLANG_WARN_INT_CONVERSION = YES;
				CLANG_WARN_OBJC_ROOT_CLASS = YES_ERROR;
				CLANG_WARN_UNREACHABLE_CODE = YES;
				CLANG_WARN__DUPLICATE_METHOD_MATCH = YES;
				"CODE_SIGN_IDENTITY[sdk=iphoneos*]" = "iPhone Developer";
				COPY_PHASE_STRIP = NO;
				ENABLE_STRICT_OBJC_MSGSEND = YES;
				GCC_C_LANGUAGE_STANDARD = gnu99;
				GCC_DYNAMIC_NO_PIC = NO;
				GCC_OPTIMIZATION_LEVEL = 0;
				GCC_PREPROCESSOR_DEFINITIONS = (
					"DEBUG=1",
					"$(inherited)",
				);
				GCC_SYMBOLS_PRIVATE_EXTERN = NO;
				GCC_WARN_64_TO_32_BIT_CONVERSION = YES;
				GCC_WARN_ABOUT_RETURN_TYPE = YES_ERROR;
				GCC_WARN_UNDECLARED_SELECTOR = YES;
				GCC_WARN_UNINITIALIZED_AUTOS = YES_AGGRESSIVE;
				GCC_WARN_UNUSED_FUNCTION = YES;
				GCC_WARN_UNUSED_VARIABLE = YES;
				IPHONEOS_DEPLOYMENT_TARGET = 8.1;
				MTL_ENABLE_DEBUG_INFO = YES;
				ONLY_ACTIVE_ARCH = YES;
				SDKROOT = iphoneos;
				TARGETED_DEVICE_FAMILY = "1,2";
			};
			name = Debug;
		};
		2876A5271A23AE5B00147038 /* Release */ = {
			isa = XCBuildConfiguration;
			buildSettings = {
				ALWAYS_SEARCH_USER_PATHS = NO;
				CLANG_CXX_LANGUAGE_STANDARD = "gnu++0x";
				CLANG_CXX_LIBRARY = "libc++";
				CLANG_ENABLE_MODULES = YES;
				CLANG_ENABLE_OBJC_ARC = YES;
				CLANG_WARN_BOOL_CONVERSION = YES;
				CLANG_WARN_CONSTANT_CONVERSION = YES;
				CLANG_WARN_DIRECT_OBJC_ISA_USAGE = YES_ERROR;
				CLANG_WARN_EMPTY_BODY = YES;
				CLANG_WARN_ENUM_CONVERSION = YES;
				CLANG_WARN_INT_CONVERSION = YES;
				CLANG_WARN_OBJC_ROOT_CLASS = YES_ERROR;
				CLANG_WARN_UNREACHABLE_CODE = YES;
				CLANG_WARN__DUPLICATE_METHOD_MATCH = YES;
				"CODE_SIGN_IDENTITY[sdk=iphoneos*]" = "iPhone Developer";
				COPY_PHASE_STRIP = YES;
				ENABLE_NS_ASSERTIONS = NO;
				ENABLE_STRICT_OBJC_MSGSEND = YES;
				GCC_C_LANGUAGE_STANDARD = gnu99;
				GCC_WARN_64_TO_32_BIT_CONVERSION = YES;
				GCC_WARN_ABOUT_RETURN_TYPE = YES_ERROR;
				GCC_WARN_UNDECLARED_SELECTOR = YES;
				GCC_WARN_UNINITIALIZED_AUTOS = YES_AGGRESSIVE;
				GCC_WARN_UNUSED_FUNCTION = YES;
				GCC_WARN_UNUSED_VARIABLE = YES;
				IPHONEOS_DEPLOYMENT_TARGET = 8.1;
				MTL_ENABLE_DEBUG_INFO = NO;
				SDKROOT = iphoneos;
				TARGETED_DEVICE_FAMILY = "1,2";
				VALIDATE_PRODUCT = YES;
			};
			name = Release;
		};
		2876A5291A23AE5B00147038 /* Debug */ = {
			isa = XCBuildConfiguration;
			baseConfigurationReference = 6A03B01AB6ACA6564C05C9A3 /* Pods.debug.xcconfig */;
			buildSettings = {
				ASSETCATALOG_COMPILER_APPICON_NAME = AppIcon;
				INFOPLIST_FILE = MDRegistrationObjC/Info.plist;
				IPHONEOS_DEPLOYMENT_TARGET = 7.0;
				LD_RUNPATH_SEARCH_PATHS = "$(inherited) @executable_path/Frameworks";
				PRODUCT_NAME = "$(TARGET_NAME)";
			};
			name = Debug;
		};
		2876A52A1A23AE5B00147038 /* Release */ = {
			isa = XCBuildConfiguration;
			baseConfigurationReference = 27BC9A0D49051BC71638D33B /* Pods.release.xcconfig */;
			buildSettings = {
				ASSETCATALOG_COMPILER_APPICON_NAME = AppIcon;
				INFOPLIST_FILE = MDRegistrationObjC/Info.plist;
				IPHONEOS_DEPLOYMENT_TARGET = 7.0;
				LD_RUNPATH_SEARCH_PATHS = "$(inherited) @executable_path/Frameworks";
				PRODUCT_NAME = "$(TARGET_NAME)";
			};
			name = Release;
		};
		2876A52C1A23AE5B00147038 /* Debug */ = {
			isa = XCBuildConfiguration;
			buildSettings = {
				BUNDLE_LOADER = "$(TEST_HOST)";
				FRAMEWORK_SEARCH_PATHS = (
					"$(SDKROOT)/Developer/Library/Frameworks",
					"$(inherited)",
				);
				GCC_PREPROCESSOR_DEFINITIONS = (
					"DEBUG=1",
					"$(inherited)",
				);
				INFOPLIST_FILE = MDRegistrationObjCTests/Info.plist;
				LD_RUNPATH_SEARCH_PATHS = "$(inherited) @executable_path/Frameworks @loader_path/Frameworks";
				PRODUCT_NAME = "$(TARGET_NAME)";
				TEST_HOST = "$(BUILT_PRODUCTS_DIR)/MDRegistrationObjC.app/MDRegistrationObjC";
			};
			name = Debug;
		};
		2876A52D1A23AE5B00147038 /* Release */ = {
			isa = XCBuildConfiguration;
			buildSettings = {
				BUNDLE_LOADER = "$(TEST_HOST)";
				FRAMEWORK_SEARCH_PATHS = (
					"$(SDKROOT)/Developer/Library/Frameworks",
					"$(inherited)",
				);
				INFOPLIST_FILE = MDRegistrationObjCTests/Info.plist;
				LD_RUNPATH_SEARCH_PATHS = "$(inherited) @executable_path/Frameworks @loader_path/Frameworks";
				PRODUCT_NAME = "$(TARGET_NAME)";
				TEST_HOST = "$(BUILT_PRODUCTS_DIR)/MDRegistrationObjC.app/MDRegistrationObjC";
			};
			name = Release;
		};
/* End XCBuildConfiguration section */

/* Begin XCConfigurationList section */
		2876A4FD1A23AE5B00147038 /* Build configuration list for PBXProject "MDRegistrationObjC" */ = {
			isa = XCConfigurationList;
			buildConfigurations = (
				2876A5261A23AE5B00147038 /* Debug */,
				2876A5271A23AE5B00147038 /* Release */,
			);
			defaultConfigurationIsVisible = 0;
			defaultConfigurationName = Release;
		};
		2876A5281A23AE5B00147038 /* Build configuration list for PBXNativeTarget "MDRegistrationObjC" */ = {
			isa = XCConfigurationList;
			buildConfigurations = (
				2876A5291A23AE5B00147038 /* Debug */,
				2876A52A1A23AE5B00147038 /* Release */,
			);
			defaultConfigurationIsVisible = 0;
			defaultConfigurationName = Release;
		};
		2876A52B1A23AE5B00147038 /* Build configuration list for PBXNativeTarget "MDRegistrationObjCTests" */ = {
			isa = XCConfigurationList;
			buildConfigurations = (
				2876A52C1A23AE5B00147038 /* Debug */,
				2876A52D1A23AE5B00147038 /* Release */,
			);
			defaultConfigurationIsVisible = 0;
			defaultConfigurationName = Release;
		};
/* End XCConfigurationList section */
	};
	rootObject = 2876A4FA1A23AE5B00147038 /* Project object */;
}
